
Microsoft Visual Studio Solution File, Format Version 12.00
# Visual Studio Version 16
VisualStudioVersion = 16.0.31321.278
MinimumVisualStudioVersion = 10.0.40219.1
Project("{9A19103F-16F7-4668-BE54-9A1E7A4F7556}") = "MyLibrary", "SomeLibrary\MyLibrary.csproj", "{45143278-7E04-419F-AE04-262346E05AE9}"
EndProject
Global
	GlobalSection(SolutionConfigurationPlatforms) = preSolution
		Debug|Any CPU = Debug|Any CPU
		Release|Any CPU = Release|Any CPU
	EndGlobalSection
	GlobalSection(ProjectConfigurationPlatforms) = postSolution
		{45143278-7E04-419F-AE04-262346E05AE9}.Debug|Any CPU.ActiveCfg = Debug|Any CPU
		{45143278-7E04-419F-AE04-262346E05AE9}.Debug|Any CPU.Build.0 = Debug|Any CPU
		{45143278-7E04-419F-AE04-262346E05AE9}.Release|Any CPU.ActiveCfg = Release|Any CPU
		{45143278-7E04-419F-AE04-262346E05AE9}.Release|Any CPU.Build.0 = Release|Any CPU
	EndGlobalSection
	GlobalSection(SolutionProperties) = preSolution
		HideSolutionNode = FALSE
	EndGlobalSection
	GlobalSection(ExtensibilityGlobals) = postSolution
		SolutionGuid = {D6F8ACB4-F3F3-4F4D-BE76-656DC9567C55}
	EndGlobalSection
EndGlobal
